// !$*UTF8*$!
{
	archiveVersion = 1;
	classes = {
	};
	objectVersion = 46;
	objects = {

/* Begin PBXBuildFile section */
		40AD9D051B39F0980019757C /* AppDelegate.swift in Sources */ = {isa = PBXBuildFile; fileRef = 40AD9D041B39F0980019757C /* AppDelegate.swift */; };
		40AD9D071B39F0980019757C /* ViewController.swift in Sources */ = {isa = PBXBuildFile; fileRef = 40AD9D061B39F0980019757C /* ViewController.swift */; };
		40AD9D0A1B39F0980019757C /* Main.storyboard in Resources */ = {isa = PBXBuildFile; fileRef = 40AD9D081B39F0980019757C /* Main.storyboard */; };
		40AD9D0C1B39F0980019757C /* Images.xcassets in Resources */ = {isa = PBXBuildFile; fileRef = 40AD9D0B1B39F0980019757C /* Images.xcassets */; };
		40AD9D0F1B39F0980019757C /* LaunchScreen.xib in Resources */ = {isa = PBXBuildFile; fileRef = 40AD9D0D1B39F0980019757C /* LaunchScreen.xib */; };
		40AD9D1B1B39F0980019757C /* WelcomeTests.swift in Sources */ = {isa = PBXBuildFile; fileRef = 40AD9D1A1B39F0980019757C /* WelcomeTests.swift */; };
/* End PBXBuildFile section */

/* Begin PBXContainerItemProxy section */
		40AD9D151B39F0980019757C /* PBXContainerItemProxy */ = {
			isa = PBXContainerItemProxy;
			containerPortal = 40AD9CF71B39F0980019757C /* Project object */;
			proxyType = 1;
			remoteGlobalIDString = 40AD9CFE1B39F0980019757C;
			remoteInfo = Welcome;
		};
/* End PBXContainerItemProxy section */

/* Begin PBXFileReference section */
		40AD9CFF1B39F0980019757C /* Welcome.app */ = {isa = PBXFileReference; explicitFileType = wrapper.application; includeInIndex = 0; path = Welcome.app; sourceTree = BUILT_PRODUCTS_DIR; };
		40AD9D031B39F0980019757C /* Info.plist */ = {isa = PBXFileReference; lastKnownFileType = text.plist.xml; path = Info.plist; sourceTree = "<group>"; };
		40AD9D041B39F0980019757C /* AppDelegate.swift */ = {isa = PBXFileReference; lastKnownFileType = sourcecode.swift; path = AppDelegate.swift; sourceTree = "<group>"; };
		40AD9D061B39F0980019757C /* ViewController.swift */ = {isa = PBXFileReference; lastKnownFileType = sourcecode.swift; path = ViewController.swift; sourceTree = "<group>"; };
		40AD9D091B39F0980019757C /* Base */ = {isa = PBXFileReference; lastKnownFileType = file.storyboard; name = Base; path = Base.lproj/Main.storyboard; sourceTree = "<group>"; };
		40AD9D0B1B39F0980019757C /* Images.xcassets */ = {isa = PBXFileReference; lastKnownFileType = folder.assetcatalog; path = Images.xcassets; sourceTree = "<group>"; };
		40AD9D0E1B39F0980019757C /* Base */ = {isa = PBXFileReference; lastKnownFileType = file.xib; name = Base; path = Base.lproj/LaunchScreen.xib; sourceTree = "<group>"; };
		40AD9D141B39F0980019757C /* WelcomeTests.xctest */ = {isa = PBXFileReference; explicitFileType = wrapper.cfbundle; includeInIndex = 0; path = WelcomeTests.xctest; sourceTree = BUILT_PRODUCTS_DIR; };
		40AD9D191B39F0980019757C /* Info.plist */ = {isa = PBXFileReference; lastKnownFileType = text.plist.xml; path = Info.plist; sourceTree = "<group>"; };
		40AD9D1A1B39F0980019757C /* WelcomeTests.swift */ = {isa = PBXFileReference; lastKnownFileType = sourcecode.swift; path = WelcomeTests.swift; sourceTree = "<group>"; };
/* End PBXFileReference section */

/* Begin PBXFrameworksBuildPhase section */
		40AD9CFC1B39F0980019757C /* Frameworks */ = {
			isa = PBXFrameworksBuildPhase;
			buildActionMask = 2147483647;
			files = (
			);
			runOnlyForDeploymentPostprocessing = 0;
		};
		40AD9D111B39F0980019757C /* Frameworks */ = {
			isa = PBXFrameworksBuildPhase;
			buildActionMask = 2147483647;
			files = (
			);
			runOnlyForDeploymentPostprocessing = 0;
		};
/* End PBXFrameworksBuildPhase section */

/* Begin PBXGroup section */
		40AD9CF61B39F0980019757C = {
			isa = PBXGroup;
			children = (
				40AD9D011B39F0980019757C /* Welcome */,
				40AD9D171B39F0980019757C /* WelcomeTests */,
				40AD9D001B39F0980019757C /* Products */,
			);
			sourceTree = "<group>";
		};
		40AD9D001B39F0980019757C /* Products */ = {
			isa = PBXGroup;
			children = (
				40AD9CFF1B39F0980019757C /* Welcome.app */,
				40AD9D141B39F0980019757C /* WelcomeTests.xctest */,
			);
			name = Products;
			sourceTree = "<group>";
		};
		40AD9D011B39F0980019757C /* Welcome */ = {
			isa = PBXGroup;
			children = (
				40AD9D041B39F0980019757C /* AppDelegate.swift */,
				40AD9D061B39F0980019757C /* ViewController.swift */,
				40AD9D081B39F0980019757C /* Main.storyboard */,
				40AD9D0B1B39F0980019757C /* Images.xcassets */,
				40AD9D0D1B39F0980019757C /* LaunchScreen.xib */,
				40AD9D021B39F0980019757C /* Supporting Files */,
			);
			path = Welcome;
			sourceTree = "<group>";
		};
		40AD9D021B39F0980019757C /* Supporting Files */ = {
			isa = PBXGroup;
			children = (
				40AD9D031B39F0980019757C /* Info.plist */,
			);
			name = "Supporting Files";
			sourceTree = "<group>";
		};
		40AD9D171B39F0980019757C /* WelcomeTests */ = {
			isa = PBXGroup;
			children = (
				40AD9D1A1B39F0980019757C /* WelcomeTests.swift */,
				40AD9D181B39F0980019757C /* Supporting Files */,
			);
			path = WelcomeTests;
			sourceTree = "<group>";
		};
		40AD9D181B39F0980019757C /* Supporting Files */ = {
			isa = PBXGroup;
			children = (
				40AD9D191B39F0980019757C /* Info.plist */,
			);
			name = "Supporting Files";
			sourceTree = "<group>";
		};
/* End PBXGroup section */

/* Begin PBXNativeTarget section */
		40AD9CFE1B39F0980019757C /* Welcome */ = {
			isa = PBXNativeTarget;
			buildConfigurationList = 40AD9D1E1B39F0980019757C /* Build configuration list for PBXNativeTarget "Welcome" */;
			buildPhases = (
				40AD9CFB1B39F0980019757C /* Sources */,
				40AD9CFC1B39F0980019757C /* Frameworks */,
				40AD9CFD1B39F0980019757C /* Resources */,
			);
			buildRules = (
			);
			dependencies = (
			);
			name = Welcome;
			productName = Welcome;
			productReference = 40AD9CFF1B39F0980019757C /* Welcome.app */;
			productType = "com.apple.product-type.application";
		};
		40AD9D131B39F0980019757C /* WelcomeTests */ = {
			isa = PBXNativeTarget;
			buildConfigurationList = 40AD9D211B39F0980019757C /* Build configuration list for PBXNativeTarget "WelcomeTests" */;
			buildPhases = (
				40AD9D101B39F0980019757C /* Sources */,
				40AD9D111B39F0980019757C /* Frameworks */,
				40AD9D121B39F0980019757C /* Resources */,
			);
			buildRules = (
			);
			dependencies = (
				40AD9D161B39F0980019757C /* PBXTargetDependency */,
			);
			name = WelcomeTests;
			productName = WelcomeTests;
			productReference = 40AD9D141B39F0980019757C /* WelcomeTests.xctest */;
			productType = "com.apple.product-type.bundle.unit-test";
		};
/* End PBXNativeTarget section */

/* Begin PBXProject section */
		40AD9CF71B39F0980019757C /* Project object */ = {
			isa = PBXProject;
			attributes = {
				LastUpgradeCheck = 0630;
				ORGANIZATIONNAME = Matt;
				TargetAttributes = {
					40AD9CFE1B39F0980019757C = {
						CreatedOnToolsVersion = 6.3.2;
					};
					40AD9D131B39F0980019757C = {
						CreatedOnToolsVersion = 6.3.2;
						TestTargetID = 40AD9CFE1B39F0980019757C;
					};
				};
			};
			buildConfigurationList = 40AD9CFA1B39F0980019757C /* Build configuration list for PBXProject "Welcome" */;
			compatibilityVersion = "Xcode 3.2";
			developmentRegion = English;
			hasScannedForEncodings = 0;
			knownRegions = (
				en,
				Base,
			);
			mainGroup = 40AD9CF61B39F0980019757C;
			productRefGroup = 40AD9D001B39F0980019757C /* Products */;
			projectDirPath = "";
			projectRoot = "";
			targets = (
				40AD9CFE1B39F0980019757C /* Welcome */,
				40AD9D131B39F0980019757C /* WelcomeTests */,
			);
		};
/* End PBXProject section */

/* Begin PBXResourcesBuildPhase section */
		40AD9CFD1B39F0980019757C /* Resources */ = {
			isa = PBXResourcesBuildPhase;
			buildActionMask = 2147483647;
			files = (
				40AD9D0A1B39F0980019757C /* Main.storyboard in Resources */,
				40AD9D0F1B39F0980019757C /* LaunchScreen.xib in Resources */,
				40AD9D0C1B39F0980019757C /* Images.xcassets in Resources */,
			);
			runOnlyForDeploymentPostprocessing = 0;
		};
		40AD9D121B39F0980019757C /* Resources */ = {
			isa = PBXResourcesBuildPhase;
			buildActionMask = 2147483647;
			files = (
			);
			runOnlyForDeploymentPostprocessing = 0;
		};
/* End PBXResourcesBuildPhase section */

/* Begin PBXSourcesBuildPhase section */
		40AD9CFB1B39F0980019757C /* Sources */ = {
			isa = PBXSourcesBuildPhase;
			buildActionMask = 2147483647;
			files = (
				40AD9D071B39F0980019757C /* ViewController.swift in Sources */,
				40AD9D051B39F0980019757C /* AppDelegate.swift in Sources */,
			);
			runOnlyForDeploymentPostprocessing = 0;
		};
		40AD9D101B39F0980019757C /* Sources */ = {
			isa = PBXSourcesBuildPhase;
			buildActionMask = 2147483647;
			files = (
				40AD9D1B1B39F0980019757C /* WelcomeTests.swift in Sources */,
			);
			runOnlyForDeploymentPostprocessing = 0;
		};
/* End PBXSourcesBuildPhase section */

/* Begin PBXTargetDependency section */
		40AD9D161B39F0980019757C /* PBXTargetDependency */ = {
			isa = PBXTargetDependency;
			target = 40AD9CFE1B39F0980019757C /* Welcome */;
			targetProxy = 40AD9D151B39F0980019757C /* PBXContainerItemProxy */;
		};
/* End PBXTargetDependency section */

/* Begin PBXVariantGroup section */
		40AD9D081B39F0980019757C /* Main.storyboard */ = {
			isa = PBXVariantGroup;
			children = (
				40AD9D091B39F0980019757C /* Base */,
			);
			name = Main.storyboard;
			sourceTree = "<group>";
		};
		40AD9D0D1B39F0980019757C /* LaunchScreen.xib */ = {
			isa = PBXVariantGroup;
			children = (
				40AD9D0E1B39F0980019757C /* Base */,
			);
			name = LaunchScreen.xib;
			sourceTree = "<group>";
		};
/* End PBXVariantGroup section */

/* Begin XCBuildConfiguration section */
		40AD9D1C1B39F0980019757C /* Debug */ = {
			isa = XCBuildConfiguration;
			buildSettings = {
				ALWAYS_SEARCH_USER_PATHS = NO;
				CLANG_CXX_LANGUAGE_STANDARD = "gnu++0x";
				CLANG_CXX_LIBRARY = "libc++";
				CLANG_ENABLE_MODULES = YES;
				CLANG_ENABLE_OBJC_ARC = YES;
				CLANG_WARN_BOOL_CONVERSION = YES;
				CLANG_WARN_CONSTANT_CONVERSION = YES;
				CLANG_WARN_DIRECT_OBJC_ISA_USAGE = YES_ERROR;
				CLANG_WARN_EMPTY_BODY = YES;
				CLANG_WARN_ENUM_CONVERSION = YES;
				CLANG_WARN_INT_CONVERSION = YES;
				CLANG_WARN_OBJC_ROOT_CLASS = YES_ERROR;
				CLANG_WARN_UNREACHABLE_CODE = YES;
				CLANG_WARN__DUPLICATE_METHOD_MATCH = YES;
				"CODE_SIGN_IDENTITY[sdk=iphoneos*]" = "iPhone Developer";
				COPY_PHASE_STRIP = NO;
				DEBUG_INFORMATION_FORMAT = "dwarf-with-dsym";
				ENABLE_STRICT_OBJC_MSGSEND = YES;
				GCC_C_LANGUAGE_STANDARD = gnu99;
				GCC_DYNAMIC_NO_PIC = NO;
				GCC_NO_COMMON_BLOCKS = YES;
				GCC_OPTIMIZATION_LEVEL = 0;
				GCC_PREPROCESSOR_DEFINITIONS = (
					"DEBUG=1",
					"$(inherited)",
				);
				GCC_SYMBOLS_PRIVATE_EXTERN = NO;
				GCC_WARN_64_TO_32_BIT_CONVERSION = YES;
				GCC_WARN_ABOUT_RETURN_TYPE = YES_ERROR;
				GCC_WARN_UNDECLARED_SELECTOR = YES;
				GCC_WARN_UNINITIALIZED_AUTOS = YES_AGGRESSIVE;
				GCC_WARN_UNUSED_FUNCTION = YES;
				GCC_WARN_UNUSED_VARIABLE = YES;
				IPHONEOS_DEPLOYMENT_TARGET = 8.3;
				MTL_ENABLE_DEBUG_INFO = YES;
				ONLY_ACTIVE_ARCH = YES;
				SDKROOT = iphoneos;
				SWIFT_OPTIMIZATION_LEVEL = "-Onone";
				TARGETED_DEVICE_FAMILY = "1,2";
			};
			name = Debug;
		};
		40AD9D1D1B39F0980019757C /* Release */ = {
			isa = XCBuildConfiguration;
			buildSettings = {
				ALWAYS_SEARCH_USER_PATHS = NO;
				CLANG_CXX_LANGUAGE_STANDARD = "gnu++0x";
				CLANG_CXX_LIBRARY = "libc++";
				CLANG_ENABLE_MODULES = YES;
				CLANG_ENABLE_OBJC_ARC = YES;
				CLANG_WARN_BOOL_CONVERSION = YES;
				CLANG_WARN_CONSTANT_CONVERSION = YES;
				CLANG_WARN_DIRECT_OBJC_ISA_USAGE = YES_ERROR;
				CLANG_WARN_EMPTY_BODY = YES;
				CLANG_WARN_ENUM_CONVERSION = YES;
				CLANG_WARN_INT_CONVERSION = YES;
				CLANG_WARN_OBJC_ROOT_CLASS = YES_ERROR;
				CLANG_WARN_UNREACHABLE_CODE = YES;
				CLANG_WARN__DUPLICATE_METHOD_MATCH = YES;
				"CODE_SIGN_IDENTITY[sdk=iphoneos*]" = "iPhone Developer";
				COPY_PHASE_STRIP = NO;
				DEBUG_INFORMATION_FORMAT = "dwarf-with-dsym";
				ENABLE_NS_ASSERTIONS = NO;
				ENABLE_STRICT_OBJC_MSGSEND = YES;
				GCC_C_LANGUAGE_STANDARD = gnu99;
				GCC_NO_COMMON_BLOCKS = YES;
				GCC_WARN_64_TO_32_BIT_CONVERSION = YES;
				GCC_WARN_ABOUT_RETURN_TYPE = YES_ERROR;
				GCC_WARN_UNDECLARED_SELECTOR = YES;
				GCC_WARN_UNINITIALIZED_AUTOS = YES_AGGRESSIVE;
				GCC_WARN_UNUSED_FUNCTION = YES;
				GCC_WARN_UNUSED_VARIABLE = YES;
				IPHONEOS_DEPLOYMENT_TARGET = 8.3;
				MTL_ENABLE_DEBUG_INFO = NO;
				SDKROOT = iphoneos;
				TARGETED_DEVICE_FAMILY = "1,2";
				VALIDATE_PRODUCT = YES;
			};
			name = Release;
		};
		40AD9D1F1B39F0980019757C /* Debug */ = {
			isa = XCBuildConfiguration;
			buildSettings = {
				ASSETCATALOG_COMPILER_APPICON_NAME = AppIcon;
				INFOPLIST_FILE = Welcome/Info.plist;
				LD_RUNPATH_SEARCH_PATHS = "$(inherited) @executable_path/Frameworks";
				PRODUCT_NAME = "$(TARGET_NAME)";
			};
			name = Debug;
		};
		40AD9D201B39F0980019757C /* Release */ = {
			isa = XCBuildConfiguration;
			buildSettings = {
				ASSETCATALOG_COMPILER_APPICON_NAME = AppIcon;
				INFOPLIST_FILE = Welcome/Info.plist;
				LD_RUNPATH_SEARCH_PATHS = "$(inherited) @executable_path/Frameworks";
				PRODUCT_NAME = "$(TARGET_NAME)";
			};
			name = Release;
		};
		40AD9D221B39F0980019757C /* Debug */ = {
			isa = XCBuildConfiguration;
			buildSettings = {
				BUNDLE_LOADER = "$(TEST_HOST)";
				FRAMEWORK_SEARCH_PATHS = (
					"$(SDKROOT)/Developer/Library/Frameworks",
					"$(inherited)",
				);
				GCC_PREPROCESSOR_DEFINITIONS = (
					"DEBUG=1",
					"$(inherited)",
				);
				INFOPLIST_FILE = WelcomeTests/Info.plist;
				LD_RUNPATH_SEARCH_PATHS = "$(inherited) @executable_path/Frameworks @loader_path/Frameworks";
				PRODUCT_NAME = "$(TARGET_NAME)";
				TEST_HOST = "$(BUILT_PRODUCTS_DIR)/Welcome.app/Welcome";
			};
			name = Debug;
		};
		40AD9D231B39F0980019757C /* Release */ = {
			isa = XCBuildConfiguration;
			buildSettings = {
				BUNDLE_LOADER = "$(TEST_HOST)";
				FRAMEWORK_SEARCH_PATHS = (
					"$(SDKROOT)/Developer/Library/Frameworks",
					"$(inherited)",
				);
				INFOPLIST_FILE = WelcomeTests/Info.plist;
				LD_RUNPATH_SEARCH_PATHS = "$(inherited) @executable_path/Frameworks @loader_path/Frameworks";
				PRODUCT_NAME = "$(TARGET_NAME)";
				TEST_HOST = "$(BUILT_PRODUCTS_DIR)/Welcome.app/Welcome";
			};
			name = Release;
		};
/* End XCBuildConfiguration section */

/* Begin XCConfigurationList section */
		40AD9CFA1B39F0980019757C /* Build configuration list for PBXProject "Welcome" */ = {
			isa = XCConfigurationList;
			buildConfigurations = (
				40AD9D1C1B39F0980019757C /* Debug */,
				40AD9D1D1B39F0980019757C /* Release */,
			);
			defaultConfigurationIsVisible = 0;
			defaultConfigurationName = Release;
		};
		40AD9D1E1B39F0980019757C /* Build configuration list for PBXNativeTarget "Welcome" */ = {
			isa = XCConfigurationList;
			buildConfigurations = (
				40AD9D1F1B39F0980019757C /* Debug */,
				40AD9D201B39F0980019757C /* Release */,
			);
			defaultConfigurationIsVisible = 0;
		};
		40AD9D211B39F0980019757C /* Build configuration list for PBXNativeTarget "WelcomeTests" */ = {
			isa = XCConfigurationList;
			buildConfigurations = (
				40AD9D221B39F0980019757C /* Debug */,
				40AD9D231B39F0980019757C /* Release */,
			);
			defaultConfigurationIsVisible = 0;
		};
/* End XCConfigurationList section */
	};
	rootObject = 40AD9CF71B39F0980019757C /* Project object */;
}
